
Microsoft Visual Studio Solution File, Format Version 12.00
# Visual Studio Version 16
VisualStudioVersion = 16.0.30114.128
MinimumVisualStudioVersion = 10.0.40219.1
Project("{9A19103F-16F7-4668-BE54-9A1E7A4F7556}") = "WpfCoreApp", "WpfCoreApp\WpfCoreApp.csproj", "{40FC3260-39C8-4309-93B2-70B6037B2131}"
EndProject
Project("{9A19103F-16F7-4668-BE54-9A1E7A4F7556}") = "WinUILibrary", "WinUILibrary\WinUILibrary.csproj", "{30B7FD5E-A6B7-41C5-99B7-C7B435538B68}"
EndProject
Project("{C7167F0D-BC9F-4E6E-AFE1-012C56B48DB5}") = "UwpPackage", "UwpPackage\UwpPackage.wapproj", "{7754058A-D7AF-4679-8ACC-026FBD08396E}"
EndProject
Global
	GlobalSection(SolutionConfigurationPlatforms) = preSolution
		Debug|ARM = Debug|ARM
		Debug|ARM64 = Debug|ARM64
		Debug|x64 = Debug|x64
		Debug|x86 = Debug|x86
		Release|ARM = Release|ARM
		Release|ARM64 = Release|ARM64
		Release|x64 = Release|x64
		Release|x86 = Release|x86
	EndGlobalSection
	GlobalSection(ProjectConfigurationPlatforms) = postSolution
		{40FC3260-39C8-4309-93B2-70B6037B2131}.Debug|ARM.ActiveCfg = Debug|x64
		{40FC3260-39C8-4309-93B2-70B6037B2131}.Debug|ARM64.ActiveCfg = Debug|x64
		{40FC3260-39C8-4309-93B2-70B6037B2131}.Debug|x64.ActiveCfg = Debug|x64
		{40FC3260-39C8-4309-93B2-70B6037B2131}.Debug|x64.Build.0 = Debug|x64
		{40FC3260-39C8-4309-93B2-70B6037B2131}.Debug|x86.ActiveCfg = Debug|x64
		{40FC3260-39C8-4309-93B2-70B6037B2131}.Release|ARM.ActiveCfg = Release|x64
		{40FC3260-39C8-4309-93B2-70B6037B2131}.Release|ARM64.ActiveCfg = Release|x64
		{40FC3260-39C8-4309-93B2-70B6037B2131}.Release|x64.ActiveCfg = Release|x64
		{40FC3260-39C8-4309-93B2-70B6037B2131}.Release|x64.Build.0 = Release|x64
		{40FC3260-39C8-4309-93B2-70B6037B2131}.Release|x86.ActiveCfg = Release|x64
		{30B7FD5E-A6B7-41C5-99B7-C7B435538B68}.Debug|ARM.ActiveCfg = Debug|Any CPU
		{30B7FD5E-A6B7-41C5-99B7-C7B435538B68}.Debug|ARM.Build.0 = Debug|Any CPU
		{30B7FD5E-A6B7-41C5-99B7-C7B435538B68}.Debug|ARM64.ActiveCfg = Debug|Any CPU
		{30B7FD5E-A6B7-41C5-99B7-C7B435538B68}.Debug|ARM64.Build.0 = Debug|Any CPU
		{30B7FD5E-A6B7-41C5-99B7-C7B435538B68}.Debug|x64.ActiveCfg = Debug|x64
		{30B7FD5E-A6B7-41C5-99B7-C7B435538B68}.Debug|x64.Build.0 = Debug|x64
		{30B7FD5E-A6B7-41C5-99B7-C7B435538B68}.Debug|x86.ActiveCfg = Debug|x86
		{30B7FD5E-A6B7-41C5-99B7-C7B435538B68}.Debug|x86.Build.0 = Debug|x86
		{30B7FD5E-A6B7-41C5-99B7-C7B435538B68}.Release|ARM.ActiveCfg = Release|Any CPU
		{30B7FD5E-A6B7-41C5-99B7-C7B435538B68}.Release|ARM.Build.0 = Release|Any CPU
		{30B7FD5E-A6B7-41C5-99B7-C7B435538B68}.Release|ARM64.ActiveCfg = Release|Any CPU
		{30B7FD5E-A6B7-41C5-99B7-C7B435538B68}.Release|ARM64.Build.0 = Release|Any CPU
		{30B7FD5E-A6B7-41C5-99B7-C7B435538B68}.Release|x64.ActiveCfg = Release|x64
		{30B7FD5E-A6B7-41C5-99B7-C7B435538B68}.Release|x64.Build.0 = Release|x64
		{30B7FD5E-A6B7-41C5-99B7-C7B435538B68}.Release|x86.ActiveCfg = Release|x86
		{30B7FD5E-A6B7-41C5-99B7-C7B435538B68}.Release|x86.Build.0 = Release|x86
		{7754058A-D7AF-4679-8ACC-026FBD08396E}.Debug|ARM.ActiveCfg = Debug|ARM
		{7754058A-D7AF-4679-8ACC-026FBD08396E}.Debug|ARM.Build.0 = Debug|ARM
		{7754058A-D7AF-4679-8ACC-026FBD08396E}.Debug|ARM.Deploy.0 = Debug|ARM
		{7754058A-D7AF-4679-8ACC-026FBD08396E}.Debug|ARM64.ActiveCfg = Debug|ARM64
		{7754058A-D7AF-4679-8ACC-026FBD08396E}.Debug|ARM64.Build.0 = Debug|ARM64
		{7754058A-D7AF-4679-8ACC-026FBD08396E}.Debug|ARM64.Deploy.0 = Debug|ARM64
		{7754058A-D7AF-4679-8ACC-026FBD08396E}.Debug|x64.ActiveCfg = Debug|x64
		{7754058A-D7AF-4679-8ACC-026FBD08396E}.Debug|x64.Build.0 = Debug|x64
		{7754058A-D7AF-4679-8ACC-026FBD08396E}.Debug|x64.Deploy.0 = Debug|x64
		{7754058A-D7AF-4679-8ACC-026FBD08396E}.Debug|x86.ActiveCfg = Debug|x86
		{7754058A-D7AF-4679-8ACC-026FBD08396E}.Debug|x86.Build.0 = Debug|x86
		{7754058A-D7AF-4679-8ACC-026FBD08396E}.Debug|x86.Deploy.0 = Debug|x86
		{7754058A-D7AF-4679-8ACC-026FBD08396E}.Release|ARM.ActiveCfg = Release|ARM
		{7754058A-D7AF-4679-8ACC-026FBD08396E}.Release|ARM.Build.0 = Release|ARM
		{7754058A-D7AF-4679-8ACC-026FBD08396E}.Release|ARM.Deploy.0 = Release|ARM
		{7754058A-D7AF-4679-8ACC-026FBD08396E}.Release|ARM64.ActiveCfg = Release|ARM64
		{7754058A-D7AF-4679-8ACC-026FBD08396E}.Release|ARM64.Build.0 = Release|ARM64
		{7754058A-D7AF-4679-8ACC-026FBD08396E}.Release|ARM64.Deploy.0 = Release|ARM64
		{7754058A-D7AF-4679-8ACC-026FBD08396E}.Release|x64.ActiveCfg = Release|x64
		{7754058A-D7AF-4679-8ACC-026FBD08396E}.Release|x64.Build.0 = Release|x64
		{7754058A-D7AF-4679-8ACC-026FBD08396E}.Release|x64.Deploy.0 = Release|x64
		{7754058A-D7AF-4679-8ACC-026FBD08396E}.Release|x86.ActiveCfg = Release|x86
		{7754058A-D7AF-4679-8ACC-026FBD08396E}.Release|x86.Build.0 = Release|x86
		{7754058A-D7AF-4679-8ACC-026FBD08396E}.Release|x86.Deploy.0 = Release|x86
	EndGlobalSection
	GlobalSection(SolutionProperties) = preSolution
		HideSolutionNode = FALSE
	EndGlobalSection
	GlobalSection(ExtensibilityGlobals) = postSolution
		SolutionGuid = {DBCB40DE-ED41-4EF7-B420-3C3AB3460850}
	EndGlobalSection
EndGlobal
